
Microsoft Visual Studio Solution File, Format Version 12.00
# Visual Studio Version 17
VisualStudioVersion = 17.4.33122.133
MinimumVisualStudioVersion = 10.0.40219.1
Project("{9A19103F-16F7-4668-BE54-9A1E7A4F7556}") = "Restaurant.Models", "Restaurant.Models\Restaurant.Models.csproj", "{8162FE1B-3629-4DD9-98AB-D5BB12A15112}"
EndProject
Project("{9A19103F-16F7-4668-BE54-9A1E7A4F7556}") = "Restaurant.Data", "Restaurant.Data\Restaurant.Data.csproj", "{7D23B36C-B8B9-4F26-890F-2503EC0C17F2}"
EndProject
Project("{9A19103F-16F7-4668-BE54-9A1E7A4F7556}") = "Restaurant.Services", "Restaurant.Services\Restaurant.Services.csproj", "{DEB4A2DA-82FF-4B8A-813C-F6A41FA6A526}"
EndProject
Project("{9A19103F-16F7-4668-BE54-9A1E7A4F7556}") = "Restaurant.FormApp", "Restaurant.FormApp\Restaurant.FormApp.csproj", "{69C660B8-B299-4FFC-8B4F-CDCE48CB7666}"
EndProject
Project("{9A19103F-16F7-4668-BE54-9A1E7A4F7556}") = "Restaurant.Tests", "Restaurant.Tests\Restaurant.Tests.csproj", "{CCE3B40F-F2E3-4EEA-8ED3-6351C260B785}"
EndProject
Project("{9A19103F-16F7-4668-BE54-9A1E7A4F7556}") = "Restaurant.ConsoleApp", "Restaurant.ConsoleApp\Restaurant.ConsoleApp.csproj", "{52FB683E-8AEC-48D2-BA59-21E2A3EA4E39}"
EndProject
Project("{9A19103F-16F7-4668-BE54-9A1E7A4F7556}") = "Restaurant.WebApp", "Restaurant.WebApp\Restaurant.WebApp.csproj", "{B85F425D-FCFD-4B93-A053-EB59AD3D4DFA}"
EndProject
Project("{9A19103F-16F7-4668-BE54-9A1E7A4F7556}") = "Restaurant.Seeder", "Restaurant.Seeder\Restaurant.Seeder.csproj", "{F4C8D1E4-707F-4840-AD69-DA1984C96797}"
EndProject
Project("{FAE04EC0-301F-11D3-BF4B-00C04F79EFBC}") = "Restaurant.ViewModel", "Restaurant.ViewModel\Restaurant.ViewModel.csproj", "{6E57BE03-A9C1-4C43-82AA-35BB05620561}"
EndProject
Global
	GlobalSection(SolutionConfigurationPlatforms) = preSolution
		Debug|Any CPU = Debug|Any CPU
		Release|Any CPU = Release|Any CPU
	EndGlobalSection
	GlobalSection(ProjectConfigurationPlatforms) = postSolution
		{8162FE1B-3629-4DD9-98AB-D5BB12A15112}.Debug|Any CPU.ActiveCfg = Debug|Any CPU
		{8162FE1B-3629-4DD9-98AB-D5BB12A15112}.Debug|Any CPU.Build.0 = Debug|Any CPU
		{8162FE1B-3629-4DD9-98AB-D5BB12A15112}.Release|Any CPU.ActiveCfg = Release|Any CPU
		{8162FE1B-3629-4DD9-98AB-D5BB12A15112}.Release|Any CPU.Build.0 = Release|Any CPU
		{7D23B36C-B8B9-4F26-890F-2503EC0C17F2}.Debug|Any CPU.ActiveCfg = Debug|Any CPU
		{7D23B36C-B8B9-4F26-890F-2503EC0C17F2}.Debug|Any CPU.Build.0 = Debug|Any CPU
		{7D23B36C-B8B9-4F26-890F-2503EC0C17F2}.Release|Any CPU.ActiveCfg = Release|Any CPU
		{7D23B36C-B8B9-4F26-890F-2503EC0C17F2}.Release|Any CPU.Build.0 = Release|Any CPU
		{DEB4A2DA-82FF-4B8A-813C-F6A41FA6A526}.Debug|Any CPU.ActiveCfg = Debug|Any CPU
		{DEB4A2DA-82FF-4B8A-813C-F6A41FA6A526}.Debug|Any CPU.Build.0 = Debug|Any CPU
		{DEB4A2DA-82FF-4B8A-813C-F6A41FA6A526}.Release|Any CPU.ActiveCfg = Release|Any CPU
		{DEB4A2DA-82FF-4B8A-813C-F6A41FA6A526}.Release|Any CPU.Build.0 = Release|Any CPU
		{69C660B8-B299-4FFC-8B4F-CDCE48CB7666}.Debug|Any CPU.ActiveCfg = Debug|Any CPU
		{69C660B8-B299-4FFC-8B4F-CDCE48CB7666}.Debug|Any CPU.Build.0 = Debug|Any CPU
		{69C660B8-B299-4FFC-8B4F-CDCE48CB7666}.Release|Any CPU.ActiveCfg = Release|Any CPU
		{69C660B8-B299-4FFC-8B4F-CDCE48CB7666}.Release|Any CPU.Build.0 = Release|Any CPU
		{CCE3B40F-F2E3-4EEA-8ED3-6351C260B785}.Debug|Any CPU.ActiveCfg = Debug|Any CPU
		{CCE3B40F-F2E3-4EEA-8ED3-6351C260B785}.Debug|Any CPU.Build.0 = Debug|Any CPU
		{CCE3B40F-F2E3-4EEA-8ED3-6351C260B785}.Release|Any CPU.ActiveCfg = Release|Any CPU
		{CCE3B40F-F2E3-4EEA-8ED3-6351C260B785}.Release|Any CPU.Build.0 = Release|Any CPU
		{52FB683E-8AEC-48D2-BA59-21E2A3EA4E39}.Debug|Any CPU.ActiveCfg = Debug|Any CPU
		{52FB683E-8AEC-48D2-BA59-21E2A3EA4E39}.Debug|Any CPU.Build.0 = Debug|Any CPU
		{52FB683E-8AEC-48D2-BA59-21E2A3EA4E39}.Release|Any CPU.ActiveCfg = Release|Any CPU
		{52FB683E-8AEC-48D2-BA59-21E2A3EA4E39}.Release|Any CPU.Build.0 = Release|Any CPU
		{B85F425D-FCFD-4B93-A053-EB59AD3D4DFA}.Debug|Any CPU.ActiveCfg = Debug|Any CPU
		{B85F425D-FCFD-4B93-A053-EB59AD3D4DFA}.Debug|Any CPU.Build.0 = Debug|Any CPU
		{B85F425D-FCFD-4B93-A053-EB59AD3D4DFA}.Release|Any CPU.ActiveCfg = Release|Any CPU
		{B85F425D-FCFD-4B93-A053-EB59AD3D4DFA}.Release|Any CPU.Build.0 = Release|Any CPU
		{F4C8D1E4-707F-4840-AD69-DA1984C96797}.Debug|Any CPU.ActiveCfg = Debug|Any CPU
		{F4C8D1E4-707F-4840-AD69-DA1984C96797}.Debug|Any CPU.Build.0 = Debug|Any CPU
		{F4C8D1E4-707F-4840-AD69-DA1984C96797}.Release|Any CPU.ActiveCfg = Release|Any CPU
		{F4C8D1E4-707F-4840-AD69-DA1984C96797}.Release|Any CPU.Build.0 = Release|Any CPU
		{6E57BE03-A9C1-4C43-82AA-35BB05620561}.Debug|Any CPU.ActiveCfg = Debug|Any CPU
		{6E57BE03-A9C1-4C43-82AA-35BB05620561}.Debug|Any CPU.Build.0 = Debug|Any CPU
		{6E57BE03-A9C1-4C43-82AA-35BB05620561}.Release|Any CPU.ActiveCfg = Release|Any CPU
		{6E57BE03-A9C1-4C43-82AA-35BB05620561}.Release|Any CPU.Build.0 = Release|Any CPU
	EndGlobalSection
	GlobalSection(SolutionProperties) = preSolution
		HideSolutionNode = FALSE
	EndGlobalSection
	GlobalSection(ExtensibilityGlobals) = postSolution
		SolutionGuid = {5FFA5F2D-B960-4F7C-8238-7F16E3FC642F}
	EndGlobalSection
EndGlobal
